#MicroXplorer Configuration settings - do not modify
CAD.formats=
CAD.pinconfig=
CAD.provider=
CORTEX_M7.IPParameters=default_mode_Activation
CORTEX_M7.default_mode_Activation=1
File.Version=6
GPIO.groupedBy=Group By Peripherals
I2C4.IPParameters=Timing
I2C4.Timing=0x00707CBB
I2S2.ErrorAudioFreq=-0.8 %
I2S2.IPParameters=Instance,RealAudioFreq,ErrorAudioFreq
I2S2.Instance=SPI$Index
I2S2.RealAudioFreq=7.936 KHz
KeepUserPlacement=true
MMTAppRegionsCount=0
MMTConfigApplied=false
MMTSectionSuffix=
Mcu.CPN=STM32H7B0ZBT6
Mcu.Family=STM32H7
Mcu.IP0=CORTEX_M7
Mcu.IP1=DEBUG
Mcu.IP10=TIM2
Mcu.IP11=TIM3
Mcu.IP12=TIM4
Mcu.IP13=TIM5
Mcu.IP14=USB_OTG_HS
Mcu.IP2=I2C4
Mcu.IP3=I2S2
Mcu.IP4=MEMORYMAP
Mcu.IP5=NVIC
Mcu.IP6=RCC
Mcu.IP7=SPI6
Mcu.IP8=SYS
Mcu.IP9=TIM1
Mcu.IPNb=15
Mcu.Name=STM32H7B0ZBTx
Mcu.Package=LQFP144
Mcu.Pin0=PE2
Mcu.Pin1=PE5
Mcu.Pin10=PF8
Mcu.Pin11=PF9
Mcu.Pin12=PF10
Mcu.Pin13=PH0-OSC_IN
Mcu.Pin14=PH1-OSC_OUT
Mcu.Pin15=PC1
Mcu.Pin16=PC2_C
Mcu.Pin17=PA0
Mcu.Pin18=PA1
Mcu.Pin19=PA2
Mcu.Pin2=PE6
Mcu.Pin20=PA6
Mcu.Pin21=PA7
Mcu.Pin22=PC4
Mcu.Pin23=PF14
Mcu.Pin24=PF15
Mcu.Pin25=PG1
Mcu.Pin26=PE9
Mcu.Pin27=PE11
Mcu.Pin28=PE12
Mcu.Pin29=PB10
Mcu.Pin3=PC13
Mcu.Pin30=PB12
Mcu.Pin31=PD11
Mcu.Pin32=PD12
Mcu.Pin33=PD13
Mcu.Pin34=PC6
Mcu.Pin35=PA9
Mcu.Pin36=PA11
Mcu.Pin37=PA12
Mcu.Pin38=PA13
Mcu.Pin39=PA14
Mcu.Pin4=PC14-OSC32_IN
Mcu.Pin40=PA15
Mcu.Pin41=PC10
Mcu.Pin42=PC11
Mcu.Pin43=PC12
Mcu.Pin44=PD0
Mcu.Pin45=PD1
Mcu.Pin46=PG11
Mcu.Pin47=PG12
Mcu.Pin48=PG13
Mcu.Pin49=PG14
Mcu.Pin5=PC15-OSC32_OUT
Mcu.Pin50=PB3
Mcu.Pin51=PB5
Mcu.Pin52=PB6
Mcu.Pin53=PB7
Mcu.Pin54=PB8
Mcu.Pin55=PB9
Mcu.Pin56=PE0
Mcu.Pin57=PE1
Mcu.Pin58=VP_SYS_VS_Systick
Mcu.Pin59=VP_MEMORYMAP_VS_MEMORYMAP
Mcu.Pin6=PF0
Mcu.Pin7=PF1
Mcu.Pin8=PF2
Mcu.Pin9=PF7
Mcu.PinsNb=60
Mcu.ThirdPartyNb=0
Mcu.UserConstants=
Mcu.UserName=STM32H7B0ZBTx
MxCube.Version=6.18.1
MxDb.Version=DB.6.0.181
NVIC.BusFault_IRQn=true\:0\:0\:false\:false\:true\:false\:false\:false
NVIC.DebugMonitor_IRQn=true\:0\:0\:false\:false\:true\:false\:false\:false
NVIC.ForceEnableDMAVector=true
NVIC.HardFault_IRQn=true\:0\:0\:false\:false\:true\:false\:false\:false
NVIC.MemoryManagement_IRQn=true\:0\:0\:false\:false\:true\:false\:false\:false
NVIC.NonMaskableInt_IRQn=true\:0\:0\:false\:false\:true\:false\:false\:false
NVIC.PendSV_IRQn=true\:0\:0\:false\:false\:true\:false\:false\:false
NVIC.PriorityGroup=NVIC_PRIORITYGROUP_4
NVIC.SVCall_IRQn=true\:0\:0\:false\:false\:true\:false\:false\:false
NVIC.SysTick_IRQn=true\:15\:0\:false\:false\:true\:false\:true\:false
NVIC.UsageFault_IRQn=true\:0\:0\:false\:false\:true\:false\:false\:false
PA0.GPIOParameters=GPIO_Label
PA0.GPIO_Label=ENC4_A
PA0.Locked=true
PA0.Signal=S_TIM5_CH1
PA1.GPIOParameters=GPIO_Label
PA1.GPIO_Label=ENC4_B
PA1.Locked=true
PA1.Signal=S_TIM5_CH2
PA11.GPIOParameters=GPIO_Label
PA11.GPIO_Label=USB_N
PA11.Locked=true
PA11.Mode=Device_Only_FS
PA11.Signal=USB_OTG_HS_DM
PA12.GPIOParameters=GPIO_Label
PA12.GPIO_Label=USB_P
PA12.Locked=true
PA12.Mode=Device_Only_FS
PA12.Signal=USB_OTG_HS_DP
PA13.GPIOParameters=GPIO_Label
PA13.GPIO_Label=MCU_SWDIO
PA13.Locked=true
PA13.Mode=Trace_Asynchronous_SW
PA13.Signal=DEBUG_JTMS-SWDIO
PA14.GPIOParameters=GPIO_Label
PA14.GPIO_Label=MCU_SWCLK
PA14.Locked=true
PA14.Mode=Trace_Asynchronous_SW
PA14.Signal=DEBUG_JTCK-SWCLK
PA15.GPIOParameters=GPIO_Label
PA15.GPIO_Label=LCD_LED
PA15.Locked=true
PA15.Signal=S_TIM2_CH1_ETR
PA2.GPIOParameters=GPIO_Label
PA2.GPIO_Label=ENC4_SW
PA2.Locked=true
PA2.Signal=GPIO_Input
PA6.GPIOParameters=GPIO_Label
PA6.GPIO_Label=ENC3_A
PA6.Locked=true
PA6.Signal=S_TIM3_CH1
PA7.GPIOParameters=GPIO_Label
PA7.GPIO_Label=ENC3_B
PA7.Locked=true
PA7.Signal=S_TIM3_CH2
PA9.GPIOParameters=GPIO_Label
PA9.GPIO_Label=USB_VBUS
PA9.Locked=true
PA9.Mode=Activate_VBUS_FS
PA9.Signal=USB_OTG_HS_VBUS
PB10.GPIOParameters=GPIO_Label
PB10.GPIO_Label=CODEC_SCLK
PB10.Locked=true
PB10.Mode=Full_Duplex_Master
PB10.Signal=I2S2_CK
PB12.GPIOParameters=GPIO_Label
PB12.GPIO_Label=CODEC_LRCK
PB12.Locked=true
PB12.Mode=Full_Duplex_Master
PB12.Signal=I2S2_WS
PB3.GPIOParameters=GPIO_Label
PB3.GPIO_Label=MCU_SWO
PB3.Locked=true
PB3.Mode=Trace_Asynchronous_SW
PB3.Signal=DEBUG_JTDO-SWO
PB5.GPIOParameters=GPIO_Label
PB5.GPIO_Label=LED_FS_1
PB5.Locked=true
PB5.Signal=GPIO_Output
PB6.GPIOParameters=GPIO_Label
PB6.GPIO_Label=LED_FS_6
PB6.Locked=true
PB6.Signal=GPIO_Output
PB7.GPIOParameters=GPIO_Label
PB7.GPIO_Label=FS_6
PB7.Locked=true
PB7.Signal=GPXTI7
PB8.GPIOParameters=GPIO_Label
PB8.GPIO_Label=LED_FS_7
PB8.Locked=true
PB8.Signal=GPIO_Output
PB9.GPIOParameters=GPIO_Label
PB9.GPIO_Label=FS_1
PB9.Locked=true
PB9.Signal=GPXTI9
PC1.GPIOParameters=GPIO_Label
PC1.GPIO_Label=CODEC_SDIN
PC1.Locked=true
PC1.Mode=Full_Duplex_Master
PC1.Signal=I2S2_SDO
PC10.GPIOParameters=GPIO_Label
PC10.GPIO_Label=LCD_CS
PC10.Locked=true
PC10.Signal=GPIO_Output
PC11.GPIOParameters=GPIO_Label
PC11.GPIO_Label=SD_CS
PC11.Locked=true
PC11.Signal=GPIO_Output
PC12.GPIOParameters=GPIO_Label
PC12.GPIO_Label=LCD_SCK
PC12.Locked=true
PC12.Mode=Full_Duplex_Master
PC12.Signal=SPI6_SCK
PC13.GPIOParameters=GPIO_Label
PC13.GPIO_Label=FS_8
PC13.Locked=true
PC13.Signal=GPXTI13
PC14-OSC32_IN.GPIOParameters=GPIO_Label
PC14-OSC32_IN.GPIO_Label=LED_FS_8
PC14-OSC32_IN.Locked=true
PC14-OSC32_IN.Signal=GPIO_Output
PC15-OSC32_OUT.GPIOParameters=GPIO_Label
PC15-OSC32_OUT.GPIO_Label=FS_4
PC15-OSC32_OUT.Locked=true
PC15-OSC32_OUT.Signal=GPXTI15
PC2_C.GPIOParameters=GPIO_Label
PC2_C.GPIO_Label=CODEC_SDOUT
PC2_C.Locked=true
PC2_C.Mode=Full_Duplex_Master
PC2_C.Signal=I2S2_SDI
PC4.GPIOParameters=GPIO_Label
PC4.GPIO_Label=ENC3_SW
PC4.Locked=true
PC4.Signal=GPIO_Input
PC6.GPIOParameters=GPIO_Label
PC6.GPIO_Label=CODEC_MCLK
PC6.Locked=true
PC6.Mode=Master_Clock_Activated
PC6.Signal=I2S2_MCK
PCC.Bar.Display=Horizontal Bar
PCC.Checker=false
PCC.Display=Plot\: All Steps
PCC.Line=STM32H7B0 Value line
PCC.MCU=STM32H7B0ZBTx
PCC.PartNumber=STM32H7B0ZBTx
PCC.SequenceTime=1.0 ms
PCC.SequenceTime.Unit=ms
PCC.Series=STM32H7
PCC.Temperature=25
PCC.Vdd=3.0
PD0.GPIOParameters=GPIO_Label
PD0.GPIO_Label=LCD_RST
PD0.Locked=true
PD0.Signal=GPIO_Output
PD1.GPIOParameters=GPIO_Label
PD1.GPIO_Label=TOUCH_CS
PD1.Locked=true
PD1.Signal=GPIO_Output
PD11.GPIOParameters=GPIO_Label
PD11.GPIO_Label=ENC1_SW
PD11.Locked=true
PD11.Signal=GPIO_Input
PD12.GPIOParameters=GPIO_Label
PD12.GPIO_Label=ENC1_A
PD12.Locked=true
PD12.Signal=S_TIM4_CH1
PD13.GPIOParameters=GPIO_Label
PD13.GPIO_Label=ENC1_B
PD13.Locked=true
PD13.Signal=S_TIM4_CH2
PE0.GPIOParameters=GPIO_Label
PE0.GPIO_Label=FS_7
PE0.Locked=true
PE0.Signal=GPXTI0
PE1.GPIOParameters=GPIO_Label
PE1.GPIO_Label=LED_FS_2
PE1.Locked=true
PE1.Signal=GPIO_Output
PE11.GPIOParameters=GPIO_Label
PE11.GPIO_Label=ENC2_B
PE11.Locked=true
PE11.Signal=S_TIM1_CH2
PE12.GPIOParameters=GPIO_Label
PE12.GPIO_Label=ENC2_SW
PE12.Locked=true
PE12.Signal=GPIO_Input
PE2.GPIOParameters=GPIO_Label
PE2.GPIO_Label=FS_2
PE2.Locked=true
PE2.Signal=GPXTI2
PE5.GPIOParameters=GPIO_Label
PE5.GPIO_Label=LED_FS_3
PE5.Locked=true
PE5.Signal=GPIO_Output
PE6.GPIOParameters=GPIO_Label
PE6.GPIO_Label=FS_3
PE6.Locked=true
PE6.Signal=GPXTI6
PE9.GPIOParameters=GPIO_Label
PE9.GPIO_Label=ENC2_A
PE9.Locked=true
PE9.Signal=S_TIM1_CH1
PF0.GPIOParameters=GPIO_Label
PF0.GPIO_Label=LED_FS_4
PF0.Locked=true
PF0.Signal=GPIO_Output
PF1.GPIOParameters=GPIO_Label
PF1.GPIO_Label=FS_9
PF1.Locked=true
PF1.Signal=GPXTI1
PF10.GPIOParameters=GPIO_Label
PF10.GPIO_Label=FS_10
PF10.Locked=true
PF10.Signal=GPXTI10
PF14.GPIOParameters=GPIO_Label
PF14.GPIO_Label=CODEC_SCL
PF14.Locked=true
PF14.Mode=I2C
PF14.Signal=I2C4_SCL
PF15.GPIOParameters=GPIO_Label
PF15.GPIO_Label=CODEC_SDA
PF15.Locked=true
PF15.Mode=I2C
PF15.Signal=I2C4_SDA
PF2.GPIOParameters=GPIO_Label
PF2.GPIO_Label=LED_FS_9
PF2.Locked=true
PF2.Signal=GPIO_Output
PF7.GPIOParameters=GPIO_Label
PF7.GPIO_Label=LED_FS_5
PF7.Locked=true
PF7.Signal=GPIO_Output
PF8.GPIOParameters=GPIO_Label
PF8.GPIO_Label=FS_5
PF8.Locked=true
PF8.Signal=GPXTI8
PF9.GPIOParameters=GPIO_Label
PF9.GPIO_Label=LED_FS_10
PF9.Locked=true
PF9.Signal=GPIO_Output
PG1.GPIOParameters=GPIO_Label
PG1.GPIO_Label=CODEC_NRST
PG1.Locked=true
PG1.Signal=GPIO_Output
PG11.GPIOParameters=GPIO_Label
PG11.GPIO_Label=TOUCH_IRQ
PG11.Locked=true
PG11.Signal=GPXTI11
PG12.GPIOParameters=GPIO_Label
PG12.GPIO_Label=LCD_MISO
PG12.Locked=true
PG12.Mode=Full_Duplex_Master
PG12.Signal=SPI6_MISO
PG13.GPIOParameters=GPIO_Label
PG13.GPIO_Label=LCD_DC
PG13.Locked=true
PG13.Signal=GPIO_Output
PG14.GPIOParameters=GPIO_Label
PG14.GPIO_Label=LCD_MOSI
PG14.Locked=true
PG14.Mode=Full_Duplex_Master
PG14.Signal=SPI6_MOSI
PH0-OSC_IN.Locked=true
PH0-OSC_IN.Mode=HSE-External-Oscillator
PH0-OSC_IN.Signal=RCC_OSC_IN
PH1-OSC_OUT.Locked=true
PH1-OSC_OUT.Mode=HSE-External-Oscillator
PH1-OSC_OUT.Signal=RCC_OSC_OUT
PinOutPanel.RotationAngle=-90
ProjectManager.AskForMigrate=true
ProjectManager.BackupPrevious=false
ProjectManager.CompilerLinker=GCC
ProjectManager.CompilerOptimize=6
ProjectManager.ComputerToolchain=false
ProjectManager.CoupleFile=true
ProjectManager.CustomerFirmwarePackage=
ProjectManager.DefaultFWLocation=true
ProjectManager.DeletePrevious=true
ProjectManager.DeviceId=STM32H7B0ZBTx
ProjectManager.FirmwarePackage=STM32Cube FW_H7 V1.13.0
ProjectManager.FreePins=false
ProjectManager.FreePinsContext=
ProjectManager.HalAssertFull=false
ProjectManager.HeapSize=0x200
ProjectManager.KeepUserCode=true
ProjectManager.LastFirmware=true
ProjectManager.LibraryCopy=0
ProjectManager.MainLocation=Core/Src
ProjectManager.NoMain=false
ProjectManager.PreviousToolchain=
ProjectManager.ProjectBuild=false
ProjectManager.ProjectFileName=multi_fx_board.ioc
ProjectManager.ProjectName=multi_fx_board
ProjectManager.ProjectStructure=
ProjectManager.RegisterCallBack=
ProjectManager.StackSize=0x400
ProjectManager.TargetToolchain=EWARM V8.50
ProjectManager.ToolChainLocation=
ProjectManager.UAScriptAfterPath=
ProjectManager.UAScriptBeforePath=
ProjectManager.UnderRoot=false
ProjectManager.functionlistsort=1-SystemClock_Config-RCC-false-HAL-false,2-MX_GPIO_Init-GPIO-false-HAL-true,3-MX_I2C4_Init-I2C4-false-HAL-true,4-MX_I2S2_Init-I2S2-false-HAL-true,5-MX_SPI6_Init-SPI6-false-HAL-true,6-MX_TIM1_Init-TIM1-false-HAL-true,7-MX_TIM2_Init-TIM2-false-HAL-true,8-MX_TIM3_Init-TIM3-false-HAL-true,9-MX_TIM4_Init-TIM4-false-HAL-true,10-MX_TIM5_Init-TIM5-false-HAL-true,11-MX_USB_OTG_HS_PCD_Init-USB_OTG_HS-false-HAL-true,0-MX_CORTEX_M7_Init-CORTEX_M7-false-HAL-true
RCC.ADCFreq_Value=48375000
RCC.AHB12Freq_Value=64000000
RCC.AHB4Freq_Value=64000000
RCC.APB1Freq_Value=64000000
RCC.APB2Freq_Value=64000000
RCC.APB3Freq_Value=64000000
RCC.APB4Freq_Value=32000000
RCC.AXIClockFreq_Value=64000000
RCC.CDCPREFreq_Value=64000000
RCC.CECFreq_Value=32000
RCC.CKPERFreq_Value=64000000
RCC.CortexFreq_Value=64000000
RCC.CpuClockFreq_Value=64000000
RCC.DAC1Freq_Value=32000
RCC.DAC2Freq_Value=32000
RCC.DFSDM2ACLkFreq_Value=32000000
RCC.DFSDM2Freq_Value=32000000
RCC.DFSDMACLkFreq_Value=42666992.1875
RCC.DFSDMFreq_Value=64000000
RCC.DIVM1=2
RCC.DIVN1=10
RCC.DIVP1Freq_Value=64000488.28125
RCC.DIVP2Freq_Value=48375000
RCC.DIVP3Freq_Value=48375000
RCC.DIVQ1=3
RCC.DIVQ1Freq_Value=42666992.1875
RCC.DIVQ2Freq_Value=48375000
RCC.DIVQ3Freq_Value=48375000
RCC.DIVR1Freq_Value=64000488.28125
RCC.DIVR2Freq_Value=48375000
RCC.DIVR3Freq_Value=48375000
RCC.FDCANFreq_Value=42666992.1875
RCC.FMCFreq_Value=64000000
RCC.FamilyName=M
RCC.HCLK3ClockFreq_Value=64000000
RCC.HCLKFreq_Value=64000000
RCC.I2C123Freq_Value=64000000
RCC.I2C4Freq_Value=32000000
RCC.IPParameters=ADCFreq_Value,AHB12Freq_Value,AHB4Freq_Value,APB1Freq_Value,APB2Freq_Value,APB3Freq_Value,APB4Freq_Value,AXIClockFreq_Value,CDCPREFreq_Value,CECFreq_Value,CKPERFreq_Value,CortexFreq_Value,CpuClockFreq_Value,DAC1Freq_Value,DAC2Freq_Value,DFSDM2ACLkFreq_Value,DFSDM2Freq_Value,DFSDMACLkFreq_Value,DFSDMFreq_Value,DIVM1,DIVN1,DIVP1Freq_Value,DIVP2Freq_Value,DIVP3Freq_Value,DIVQ1,DIVQ1Freq_Value,DIVQ2Freq_Value,DIVQ3Freq_Value,DIVR1Freq_Value,DIVR2Freq_Value,DIVR3Freq_Value,FDCANFreq_Value,FMCFreq_Value,FamilyName,HCLK3ClockFreq_Value,HCLKFreq_Value,I2C123Freq_Value,I2C4Freq_Value,LPTIM1Freq_Value,LPTIM2Freq_Value,LPTIM345Freq_Value,LPUART1Freq_Value,LTDCFreq_Value,MCO1PinFreq_Value,MCO2PinFreq_Value,PLL2FRACN,PLL3FRACN,PLLFRACN,QSPIFreq_Value,RNGFreq_Value,RTCFreq_Value,SAI1Freq_Value,SAI2AFreq_Value,SAI2BFreq_Value,SDMMCFreq_Value,SPDIFRXFreq_Value,SPI123Freq_Value,SPI45Freq_Value,SPI6Freq_Value,SRDPPRE,SWPMI1Freq_Value,SYSCLKFreq_VALUE,Tim1OutputFreq_Value,Tim2OutputFreq_Value,TraceFreq_Value,USART16Freq_Value,USART234578Freq_Value,USBFreq_Value,VCO1OutputFreq_Value,VCO2OutputFreq_Value,VCO3OutputFreq_Value,VCOInput1Freq_Value,VCOInput2Freq_Value,VCOInput3Freq_Value
RCC.LPTIM1Freq_Value=64000000
RCC.LPTIM2Freq_Value=32000000
RCC.LPTIM345Freq_Value=32000000
RCC.LPUART1Freq_Value=64000000
RCC.LTDCFreq_Value=48375000
RCC.MCO1PinFreq_Value=64000000
RCC.MCO2PinFreq_Value=64000000
RCC.PLL2FRACN=0
RCC.PLL3FRACN=0
RCC.PLLFRACN=5462
RCC.QSPIFreq_Value=64000000
RCC.RNGFreq_Value=48000000
RCC.RTCFreq_Value=32000
RCC.SAI1Freq_Value=42666992.1875
RCC.SAI2AFreq_Value=42666992.1875
RCC.SAI2BFreq_Value=42666992.1875
RCC.SDMMCFreq_Value=42666992.1875
RCC.SPDIFRXFreq_Value=42666992.1875
RCC.SPI123Freq_Value=42666992.1875
RCC.SPI45Freq_Value=64000000
RCC.SPI6Freq_Value=32000000
RCC.SRDPPRE=RCC_APB4_DIV2
RCC.SWPMI1Freq_Value=64000000
RCC.SYSCLKFreq_VALUE=64000000
RCC.Tim1OutputFreq_Value=64000000
RCC.Tim2OutputFreq_Value=64000000
RCC.TraceFreq_Value=64000000
RCC.USART16Freq_Value=64000000
RCC.USART234578Freq_Value=64000000
RCC.USBFreq_Value=42666992.1875
RCC.VCO1OutputFreq_Value=128000976.5625
RCC.VCO2OutputFreq_Value=96750000
RCC.VCO3OutputFreq_Value=96750000
RCC.VCOInput1Freq_Value=12000000
RCC.VCOInput2Freq_Value=750000
RCC.VCOInput3Freq_Value=750000
SH.GPXTI0.0=GPIO_EXTI0
SH.GPXTI0.ConfNb=1
SH.GPXTI1.0=GPIO_EXTI1
SH.GPXTI1.ConfNb=1
SH.GPXTI10.0=GPIO_EXTI10
SH.GPXTI10.ConfNb=1
SH.GPXTI11.0=GPIO_EXTI11
SH.GPXTI11.ConfNb=1
SH.GPXTI13.0=GPIO_EXTI13
SH.GPXTI13.ConfNb=1
SH.GPXTI15.0=GPIO_EXTI15
SH.GPXTI15.ConfNb=1
SH.GPXTI2.0=GPIO_EXTI2
SH.GPXTI2.ConfNb=1
SH.GPXTI6.0=GPIO_EXTI6
SH.GPXTI6.ConfNb=1
SH.GPXTI7.0=GPIO_EXTI7
SH.GPXTI7.ConfNb=1
SH.GPXTI8.0=GPIO_EXTI8
SH.GPXTI8.ConfNb=1
SH.GPXTI9.0=GPIO_EXTI9
SH.GPXTI9.ConfNb=1
SH.S_TIM1_CH1.0=TIM1_CH1,Encoder_Interface
SH.S_TIM1_CH1.ConfNb=1
SH.S_TIM1_CH2.0=TIM1_CH2,Encoder_Interface
SH.S_TIM1_CH2.ConfNb=1
SH.S_TIM2_CH1_ETR.0=TIM2_CH1,PWM Generation1 CH1
SH.S_TIM2_CH1_ETR.ConfNb=1
SH.S_TIM3_CH1.0=TIM3_CH1,Encoder_Interface
SH.S_TIM3_CH1.ConfNb=1
SH.S_TIM3_CH2.0=TIM3_CH2,Encoder_Interface
SH.S_TIM3_CH2.ConfNb=1
SH.S_TIM4_CH1.0=TIM4_CH1,Encoder_Interface
SH.S_TIM4_CH1.ConfNb=1
SH.S_TIM4_CH2.0=TIM4_CH2,Encoder_Interface
SH.S_TIM4_CH2.ConfNb=1
SH.S_TIM5_CH1.0=TIM5_CH1,Encoder_Interface
SH.S_TIM5_CH1.ConfNb=1
SH.S_TIM5_CH2.0=TIM5_CH2,Encoder_Interface
SH.S_TIM5_CH2.ConfNb=1
SPI6.CalculateBaudRate=16.0 MBits/s
SPI6.Direction=SPI_DIRECTION_2LINES
SPI6.IPParameters=VirtualType,Mode,Direction,CalculateBaudRate
SPI6.Mode=SPI_MODE_MASTER
SPI6.VirtualType=VM_MASTER
TIM2.Channel-PWM\ Generation1\ CH1=TIM_CHANNEL_1
TIM2.IPParameters=Channel-PWM Generation1 CH1
USB_OTG_HS.IPParameters=VirtualMode-Device_Only_FS
USB_OTG_HS.VirtualMode-Device_Only_FS=Device_Only_FS
VP_MEMORYMAP_VS_MEMORYMAP.Mode=CurAppReg
VP_MEMORYMAP_VS_MEMORYMAP.Signal=MEMORYMAP_VS_MEMORYMAP
VP_SYS_VS_Systick.Mode=SysTick
VP_SYS_VS_Systick.Signal=SYS_VS_Systick
board=custom
